PODS:
  - amity-react-native-social-ui-kit (4.0.0-beta-17):
    - RCT-Folly (= 2021.07.22.00)
    - React-Core
  - ApiVideoLiveStream (1.4.1):
    - HaishinKit (= 1.7.3)
  - boost (1.76.0)
  - CocoaAsyncSocket (7.6.5)
  - DoubleConversion (1.1.6)
  - DVAssetLoaderDelegate (0.3.3)
  - FBLazyVector (0.72.9)
  - FBReactNativeSpec (0.72.9):
    - RCT-Folly (= 2021.07.22.00)
    - RCTRequired (= 0.72.9)
    - RCTTypeSafety (= 0.72.9)
    - React-Core (= 0.72.9)
    - React-jsi (= 0.72.9)
    - ReactCommon/turbomodule/core (= 0.72.9)
  - Firebase/CoreOnly (10.24.0):
    - FirebaseCore (= 10.24.0)
  - Firebase/Messaging (10.24.0):
    - Firebase/CoreOnly
    - FirebaseMessaging (~> 10.24.0)
  - FirebaseCore (10.24.0):
    - FirebaseCoreInternal (~> 10.0)
    - GoogleUtilities/Environment (~> 7.12)
    - GoogleUtilities/Logger (~> 7.12)
  - FirebaseCoreExtension (10.28.0):
    - FirebaseCore (~> 10.0)
  - FirebaseCoreInternal (10.28.0):
    - "GoogleUtilities/NSData+zlib (~> 7.8)"
  - FirebaseInstallations (10.28.0):
    - FirebaseCore (~> 10.0)
    - GoogleUtilities/Environment (~> 7.8)
    - GoogleUtilities/UserDefaults (~> 7.8)
    - PromisesObjC (~> 2.1)
  - FirebaseMessaging (10.24.0):
    - FirebaseCore (~> 10.0)
    - FirebaseInstallations (~> 10.0)
    - GoogleDataTransport (~> 9.3)
    - GoogleUtilities/AppDelegateSwizzler (~> 7.8)
    - GoogleUtilities/Environment (~> 7.8)
    - GoogleUtilities/Reachability (~> 7.8)
    - GoogleUtilities/UserDefaults (~> 7.8)
    - nanopb (< 2.30911.0, >= 2.30908.0)
  - Flipper (0.182.0):
    - Flipper-Folly (~> 2.6)
  - Flipper-Boost-iOSX (1.76.0.1.11)
  - Flipper-DoubleConversion (3.2.0.1)
  - Flipper-Fmt (7.1.7)
  - Flipper-Folly (2.6.10):
    - Flipper-Boost-iOSX
    - Flipper-DoubleConversion
    - Flipper-Fmt (= 7.1.7)
    - Flipper-Glog
    - libevent (~> 2.1.12)
    - OpenSSL-Universal (= 1.1.1100)
  - Flipper-Glog (0.5.0.5)
  - Flipper-PeerTalk (0.0.4)
  - FlipperKit (0.182.0):
    - FlipperKit/Core (= 0.182.0)
  - FlipperKit/Core (0.182.0):
    - Flipper (~> 0.182.0)
    - FlipperKit/CppBridge
    - FlipperKit/FBCxxFollyDynamicConvert
    - FlipperKit/FBDefines
    - FlipperKit/FKPortForwarding
    - SocketRocket (~> 0.6.0)
  - FlipperKit/CppBridge (0.182.0):
    - Flipper (~> 0.182.0)
  - FlipperKit/FBCxxFollyDynamicConvert (0.182.0):
    - Flipper-Folly (~> 2.6)
  - FlipperKit/FBDefines (0.182.0)
  - FlipperKit/FKPortForwarding (0.182.0):
    - CocoaAsyncSocket (~> 7.6)
    - Flipper-PeerTalk (~> 0.0.4)
  - FlipperKit/FlipperKitHighlightOverlay (0.182.0)
  - FlipperKit/FlipperKitLayoutHelpers (0.182.0):
    - FlipperKit/Core
    - FlipperKit/FlipperKitHighlightOverlay
    - FlipperKit/FlipperKitLayoutTextSearchable
  - FlipperKit/FlipperKitLayoutIOSDescriptors (0.182.0):
    - FlipperKit/Core
    - FlipperKit/FlipperKitHighlightOverlay
    - FlipperKit/FlipperKitLayoutHelpers
    - YogaKit (~> 1.18)
  - FlipperKit/FlipperKitLayoutPlugin (0.182.0):
    - FlipperKit/Core
    - FlipperKit/FlipperKitHighlightOverlay
    - FlipperKit/FlipperKitLayoutHelpers
    - FlipperKit/FlipperKitLayoutIOSDescriptors
    - FlipperKit/FlipperKitLayoutTextSearchable
    - YogaKit (~> 1.18)
  - FlipperKit/FlipperKitLayoutTextSearchable (0.182.0)
  - FlipperKit/FlipperKitNetworkPlugin (0.182.0):
    - FlipperKit/Core
  - FlipperKit/FlipperKitReactPlugin (0.182.0):
    - FlipperKit/Core
  - FlipperKit/FlipperKitUserDefaultsPlugin (0.182.0):
    - FlipperKit/Core
  - FlipperKit/SKIOSNetworkPlugin (0.182.0):
    - FlipperKit/Core
    - FlipperKit/FlipperKitNetworkPlugin
  - fmt (6.2.1)
  - glog (0.3.5)
  - GoogleDataTransport (9.4.1):
    - GoogleUtilities/Environment (~> 7.7)
    - nanopb (< 2.30911.0, >= 2.30908.0)
    - PromisesObjC (< 3.0, >= 1.2)
  - GoogleUtilities (7.13.3):
    - GoogleUtilities/AppDelegateSwizzler (= 7.13.3)
    - GoogleUtilities/Environment (= 7.13.3)
    - GoogleUtilities/ISASwizzler (= 7.13.3)
    - GoogleUtilities/Logger (= 7.13.3)
    - GoogleUtilities/MethodSwizzler (= 7.13.3)
    - GoogleUtilities/Network (= 7.13.3)
    - "GoogleUtilities/NSData+zlib (= 7.13.3)"
    - GoogleUtilities/Privacy (= 7.13.3)
    - GoogleUtilities/Reachability (= 7.13.3)
    - GoogleUtilities/SwizzlerTestHelpers (= 7.13.3)
    - GoogleUtilities/UserDefaults (= 7.13.3)
  - GoogleUtilities/AppDelegateSwizzler (7.13.3):
    - GoogleUtilities/Environment
    - GoogleUtilities/Logger
    - GoogleUtilities/Network
    - GoogleUtilities/Privacy
  - GoogleUtilities/Environment (7.13.3):
    - GoogleUtilities/Privacy
    - PromisesObjC (< 3.0, >= 1.2)
  - GoogleUtilities/ISASwizzler (7.13.3):
    - GoogleUtilities/Privacy
  - GoogleUtilities/Logger (7.13.3):
    - GoogleUtilities/Environment
    - GoogleUtilities/Privacy
  - GoogleUtilities/MethodSwizzler (7.13.3):
    - GoogleUtilities/Logger
    - GoogleUtilities/Privacy
  - GoogleUtilities/Network (7.13.3):
    - GoogleUtilities/Logger
    - "GoogleUtilities/NSData+zlib"
    - GoogleUtilities/Privacy
    - GoogleUtilities/Reachability
  - "GoogleUtilities/NSData+zlib (7.13.3)":
    - GoogleUtilities/Privacy
  - GoogleUtilities/Privacy (7.13.3)
  - GoogleUtilities/Reachability (7.13.3):
    - GoogleUtilities/Logger
    - GoogleUtilities/Privacy
  - GoogleUtilities/SwizzlerTestHelpers (7.13.3):
    - GoogleUtilities/MethodSwizzler
  - GoogleUtilities/UserDefaults (7.13.3):
    - GoogleUtilities/Logger
    - GoogleUtilities/Privacy
  - HaishinKit (1.7.3):
    - Logboard (~> 2.4.1)
  - hermes-engine (0.72.9):
    - hermes-engine/Pre-built (= 0.72.9)
  - hermes-engine/Pre-built (0.72.9)
  - libevent (2.1.12)
  - Logboard (2.4.2)
  - MobileVLCKit (3.5.1)
  - nanopb (2.30910.0):
    - nanopb/decode (= 2.30910.0)
    - nanopb/encode (= 2.30910.0)
  - nanopb/decode (2.30910.0)
  - nanopb/encode (2.30910.0)
  - OpenSSL-Universal (1.1.1100)
  - PromisesObjC (2.4.0)
  - PromisesSwift (2.4.0):
    - PromisesObjC (= 2.4.0)
  - RCT-Folly (2021.07.22.00):
    - boost
    - DoubleConversion
    - fmt (~> 6.2.1)
    - glog
    - RCT-Folly/Default (= 2021.07.22.00)
  - RCT-Folly/Default (2021.07.22.00):
    - boost
    - DoubleConversion
    - fmt (~> 6.2.1)
    - glog
  - RCT-Folly/Futures (2021.07.22.00):
    - boost
    - DoubleConversion
    - fmt (~> 6.2.1)
    - glog
    - libevent
  - RCTRequired (0.72.9)
  - RCTTypeSafety (0.72.9):
    - FBLazyVector (= 0.72.9)
    - RCTRequired (= 0.72.9)
    - React-Core (= 0.72.9)
  - React (0.72.9):
    - React-Core (= 0.72.9)
    - React-Core/DevSupport (= 0.72.9)
    - React-Core/RCTWebSocket (= 0.72.9)
    - React-RCTActionSheet (= 0.72.9)
    - React-RCTAnimation (= 0.72.9)
    - React-RCTBlob (= 0.72.9)
    - React-RCTImage (= 0.72.9)
    - React-RCTLinking (= 0.72.9)
    - React-RCTNetwork (= 0.72.9)
    - React-RCTSettings (= 0.72.9)
    - React-RCTText (= 0.72.9)
    - React-RCTVibration (= 0.72.9)
  - React-callinvoker (0.72.9)
  - React-Codegen (0.72.9):
    - DoubleConversion
    - FBReactNativeSpec
    - glog
    - hermes-engine
    - RCT-Folly
    - RCTRequired
    - RCTTypeSafety
    - React-Core
    - React-jsi
    - React-jsiexecutor
    - React-NativeModulesApple
    - React-rncore
    - ReactCommon/turbomodule/bridging
    - ReactCommon/turbomodule/core
  - React-Core (0.72.9):
    - glog
    - hermes-engine
    - RCT-Folly (= 2021.07.22.00)
    - React-Core/Default (= 0.72.9)
    - React-cxxreact
    - React-hermes
    - React-jsi
    - React-jsiexecutor
    - React-perflogger
    - React-runtimeexecutor
    - React-utils
    - SocketRocket (= 0.6.1)
    - Yoga
  - React-Core/CoreModulesHeaders (0.72.9):
    - glog
    - hermes-engine
    - RCT-Folly (= 2021.07.22.00)
    - React-Core/Default
    - React-cxxreact
    - React-hermes
    - React-jsi
    - React-jsiexecutor
    - React-perflogger
    - React-runtimeexecutor
    - React-utils
    - SocketRocket (= 0.6.1)
    - Yoga
  - React-Core/Default (0.72.9):
    - glog
    - hermes-engine
    - RCT-Folly (= 2021.07.22.00)
    - React-cxxreact
    - React-hermes
    - React-jsi
    - React-jsiexecutor
    - React-perflogger
    - React-runtimeexecutor
    - React-utils
    - SocketRocket (= 0.6.1)
    - Yoga
  - React-Core/DevSupport (0.72.9):
    - glog
    - hermes-engine
    - RCT-Folly (= 2021.07.22.00)
    - React-Core/Default (= 0.72.9)
    - React-Core/RCTWebSocket (= 0.72.9)
    - React-cxxreact
    - React-hermes
    - React-jsi
    - React-jsiexecutor
    - React-jsinspector (= 0.72.9)
    - React-perflogger
    - React-runtimeexecutor
    - React-utils
    - SocketRocket (= 0.6.1)
    - Yoga
  - React-Core/RCTActionSheetHeaders (0.72.9):
    - glog
    - hermes-engine
    - RCT-Folly (= 2021.07.22.00)
    - React-Core/Default
    - React-cxxreact
    - React-hermes
    - React-jsi
    - React-jsiexecutor
    - React-perflogger
    - React-runtimeexecutor
    - React-utils
    - SocketRocket (= 0.6.1)
    - Yoga
  - React-Core/RCTAnimationHeaders (0.72.9):
    - glog
    - hermes-engine
    - RCT-Folly (= 2021.07.22.00)
    - React-Core/Default
    - React-cxxreact
    - React-hermes
    - React-jsi
    - React-jsiexecutor
    - React-perflogger
    - React-runtimeexecutor
    - React-utils
    - SocketRocket (= 0.6.1)
    - Yoga
  - React-Core/RCTBlobHeaders (0.72.9):
    - glog
    - hermes-engine
    - RCT-Folly (= 2021.07.22.00)
    - React-Core/Default
    - React-cxxreact
    - React-hermes
    - React-jsi
    - React-jsiexecutor
    - React-perflogger
    - React-runtimeexecutor
    - React-utils
    - SocketRocket (= 0.6.1)
    - Yoga
  - React-Core/RCTImageHeaders (0.72.9):
    - glog
    - hermes-engine
    - RCT-Folly (= 2021.07.22.00)
    - React-Core/Default
    - React-cxxreact
    - React-hermes
    - React-jsi
    - React-jsiexecutor
    - React-perflogger
    - React-runtimeexecutor
    - React-utils
    - SocketRocket (= 0.6.1)
    - Yoga
  - React-Core/RCTLinkingHeaders (0.72.9):
    - glog
    - hermes-engine
    - RCT-Folly (= 2021.07.22.00)
    - React-Core/Default
    - React-cxxreact
    - React-hermes
    - React-jsi
    - React-jsiexecutor
    - React-perflogger
    - React-runtimeexecutor
    - React-utils
    - SocketRocket (= 0.6.1)
    - Yoga
  - React-Core/RCTNetworkHeaders (0.72.9):
    - glog
    - hermes-engine
    - RCT-Folly (= 2021.07.22.00)
    - React-Core/Default
    - React-cxxreact
    - React-hermes
    - React-jsi
    - React-jsiexecutor
    - React-perflogger
    - React-runtimeexecutor
    - React-utils
    - SocketRocket (= 0.6.1)
    - Yoga
  - React-Core/RCTSettingsHeaders (0.72.9):
    - glog
    - hermes-engine
    - RCT-Folly (= 2021.07.22.00)
    - React-Core/Default
    - React-cxxreact
    - React-hermes
    - React-jsi
    - React-jsiexecutor
    - React-perflogger
    - React-runtimeexecutor
    - React-utils
    - SocketRocket (= 0.6.1)
    - Yoga
  - React-Core/RCTTextHeaders (0.72.9):
    - glog
    - hermes-engine
    - RCT-Folly (= 2021.07.22.00)
    - React-Core/Default
    - React-cxxreact
    - React-hermes
    - React-jsi
    - React-jsiexecutor
    - React-perflogger
    - React-runtimeexecutor
    - React-utils
    - SocketRocket (= 0.6.1)
    - Yoga
  - React-Core/RCTVibrationHeaders (0.72.9):
    - glog
    - hermes-engine
    - RCT-Folly (= 2021.07.22.00)
    - React-Core/Default
    - React-cxxreact
    - React-hermes
    - React-jsi
    - React-jsiexecutor
    - React-perflogger
    - React-runtimeexecutor
    - React-utils
    - SocketRocket (= 0.6.1)
    - Yoga
  - React-Core/RCTWebSocket (0.72.9):
    - glog
    - hermes-engine
    - RCT-Folly (= 2021.07.22.00)
    - React-Core/Default (= 0.72.9)
    - React-cxxreact
    - React-hermes
    - React-jsi
    - React-jsiexecutor
    - React-perflogger
    - React-runtimeexecutor
    - React-utils
    - SocketRocket (= 0.6.1)
    - Yoga
  - React-CoreModules (0.72.9):
    - RCT-Folly (= 2021.07.22.00)
    - RCTTypeSafety (= 0.72.9)
    - React-Codegen (= 0.72.9)
    - React-Core/CoreModulesHeaders (= 0.72.9)
    - React-jsi (= 0.72.9)
    - React-RCTBlob
    - React-RCTImage (= 0.72.9)
    - ReactCommon/turbomodule/core (= 0.72.9)
    - SocketRocket (= 0.6.1)
  - React-cxxreact (0.72.9):
    - boost (= 1.76.0)
    - DoubleConversion
    - glog
    - hermes-engine
    - RCT-Folly (= 2021.07.22.00)
    - React-callinvoker (= 0.72.9)
    - React-debug (= 0.72.9)
    - React-jsi (= 0.72.9)
    - React-jsinspector (= 0.72.9)
    - React-logger (= 0.72.9)
    - React-perflogger (= 0.72.9)
    - React-runtimeexecutor (= 0.72.9)
  - React-debug (0.72.9)
  - React-hermes (0.72.9):
    - DoubleConversion
    - glog
    - hermes-engine
    - RCT-Folly (= 2021.07.22.00)
    - RCT-Folly/Futures (= 2021.07.22.00)
    - React-cxxreact (= 0.72.9)
    - React-jsi
    - React-jsiexecutor (= 0.72.9)
    - React-jsinspector (= 0.72.9)
    - React-perflogger (= 0.72.9)
  - React-jsi (0.72.9):
    - boost (= 1.76.0)
    - DoubleConversion
    - glog
    - hermes-engine
    - RCT-Folly (= 2021.07.22.00)
  - React-jsiexecutor (0.72.9):
    - DoubleConversion
    - glog
    - hermes-engine
    - RCT-Folly (= 2021.07.22.00)
    - React-cxxreact (= 0.72.9)
    - React-jsi (= 0.72.9)
    - React-perflogger (= 0.72.9)
  - React-jsinspector (0.72.9)
  - React-logger (0.72.9):
    - glog
  - react-native-create-thumbnail (2.0.0):
    - React-Core
  - react-native-get-random-values (1.11.0):
    - React-Core
  - react-native-image-picker (7.1.2):
    - RCT-Folly (= 2021.07.22.00)
    - React-Core
  - react-native-livestream (2.0.0):
    - ApiVideoLiveStream (= 1.4.1)
    - RCT-Folly (= 2021.07.22.00)
    - React-Core
  - react-native-netinfo (11.3.2):
    - React-Core
  - react-native-rsa-native (2.0.5):
    - React
  - react-native-safe-area-context (4.10.5):
    - React-Core
  - react-native-video (6.0.0-beta.6):
    - React-Core
    - react-native-video/Video (= 6.0.0-beta.6)
  - react-native-video/Video (6.0.0-beta.6):
    - DVAssetLoaderDelegate (~> 0.3.1)
    - PromisesSwift
    - React-Core
    - SPTPersistentCache (~> 1.1.0)
  - react-native-vlc-media-player (1.0.38):
    - MobileVLCKit (= 3.5.1)
    - React
    - TVVLCKit (= 3.5.1)
  - React-NativeModulesApple (0.72.9):
    - hermes-engine
    - React-callinvoker
    - React-Core
    - React-cxxreact
    - React-jsi
    - React-runtimeexecutor
    - ReactCommon/turbomodule/bridging
    - ReactCommon/turbomodule/core
  - React-perflogger (0.72.9)
  - React-RCTActionSheet (0.72.9):
    - React-Core/RCTActionSheetHeaders (= 0.72.9)
  - React-RCTAnimation (0.72.9):
    - RCT-Folly (= 2021.07.22.00)
    - RCTTypeSafety (= 0.72.9)
    - React-Codegen (= 0.72.9)
    - React-Core/RCTAnimationHeaders (= 0.72.9)
    - React-jsi (= 0.72.9)
    - ReactCommon/turbomodule/core (= 0.72.9)
  - React-RCTAppDelegate (0.72.9):
    - RCT-Folly
    - RCTRequired
    - RCTTypeSafety
    - React-Core
    - React-CoreModules
    - React-hermes
    - React-NativeModulesApple
    - React-RCTImage
    - React-RCTNetwork
    - React-runtimescheduler
    - ReactCommon/turbomodule/core
  - React-RCTBlob (0.72.9):
    - hermes-engine
    - RCT-Folly (= 2021.07.22.00)
    - React-Codegen (= 0.72.9)
    - React-Core/RCTBlobHeaders (= 0.72.9)
    - React-Core/RCTWebSocket (= 0.72.9)
    - React-jsi (= 0.72.9)
    - React-RCTNetwork (= 0.72.9)
    - ReactCommon/turbomodule/core (= 0.72.9)
  - React-RCTImage (0.72.9):
    - RCT-Folly (= 2021.07.22.00)
    - RCTTypeSafety (= 0.72.9)
    - React-Codegen (= 0.72.9)
    - React-Core/RCTImageHeaders (= 0.72.9)
    - React-jsi (= 0.72.9)
    - React-RCTNetwork (= 0.72.9)
    - ReactCommon/turbomodule/core (= 0.72.9)
  - React-RCTLinking (0.72.9):
    - React-Codegen (= 0.72.9)
    - React-Core/RCTLinkingHeaders (= 0.72.9)
    - React-jsi (= 0.72.9)
    - ReactCommon/turbomodule/core (= 0.72.9)
  - React-RCTNetwork (0.72.9):
    - RCT-Folly (= 2021.07.22.00)
    - RCTTypeSafety (= 0.72.9)
    - React-Codegen (= 0.72.9)
    - React-Core/RCTNetworkHeaders (= 0.72.9)
    - React-jsi (= 0.72.9)
    - ReactCommon/turbomodule/core (= 0.72.9)
  - React-RCTSettings (0.72.9):
    - RCT-Folly (= 2021.07.22.00)
    - RCTTypeSafety (= 0.72.9)
    - React-Codegen (= 0.72.9)
    - React-Core/RCTSettingsHeaders (= 0.72.9)
    - React-jsi (= 0.72.9)
    - ReactCommon/turbomodule/core (= 0.72.9)
  - React-RCTText (0.72.9):
    - React-Core/RCTTextHeaders (= 0.72.9)
  - React-RCTVibration (0.72.9):
    - RCT-Folly (= 2021.07.22.00)
    - React-Codegen (= 0.72.9)
    - React-Core/RCTVibrationHeaders (= 0.72.9)
    - React-jsi (= 0.72.9)
    - ReactCommon/turbomodule/core (= 0.72.9)
  - React-rncore (0.72.9)
  - React-runtimeexecutor (0.72.9):
    - React-jsi (= 0.72.9)
  - React-runtimescheduler (0.72.9):
    - glog
    - hermes-engine
    - RCT-Folly (= 2021.07.22.00)
    - React-callinvoker
    - React-debug
    - React-jsi
    - React-runtimeexecutor
  - React-utils (0.72.9):
    - glog
    - RCT-Folly (= 2021.07.22.00)
    - React-debug
  - ReactCommon/turbomodule/bridging (0.72.9):
    - DoubleConversion
    - glog
    - hermes-engine
    - RCT-Folly (= 2021.07.22.00)
    - React-callinvoker (= 0.72.9)
    - React-cxxreact (= 0.72.9)
    - React-jsi (= 0.72.9)
    - React-logger (= 0.72.9)
    - React-perflogger (= 0.72.9)
  - ReactCommon/turbomodule/core (0.72.9):
    - DoubleConversion
    - glog
    - hermes-engine
    - RCT-Folly (= 2021.07.22.00)
    - React-callinvoker (= 0.72.9)
    - React-cxxreact (= 0.72.9)
    - React-jsi (= 0.72.9)
    - React-logger (= 0.72.9)
    - React-perflogger (= 0.72.9)
  - RNCAsyncStorage (1.23.1):
    - React-Core
  - RNCPushNotificationIOS (1.11.0):
    - React-Core
  - RNFBApp (19.3.0):
    - Firebase/CoreOnly (= 10.24.0)
    - React-Core
  - RNFBMessaging (19.3.0):
    - Firebase/Messaging (= 10.24.0)
    - FirebaseCoreExtension
    - React-Core
    - RNFBApp
  - RNFS (2.20.0):
    - React-Core
  - RNGestureHandler (2.17.1):
    - RCT-Folly (= 2021.07.22.00)
    - React-Core
  - RNScreens (3.32.0):
    - RCT-Folly (= 2021.07.22.00)
    - React-Core
    - React-RCTImage
  - RNSVG (14.2.0):
    - React-Core
  - SocketRocket (0.6.1)
  - SPTPersistentCache (1.1.0)
  - VisionCamera (3.9.2):
    - React
    - React-callinvoker
    - React-Core
  - Yoga (1.14.0)
  - YogaKit (1.18.1):
    - Yoga (~> 1.14)

DEPENDENCIES:
  - amity-react-native-social-ui-kit (from `../..`)
  - boost (from `../node_modules/react-native/third-party-podspecs/boost.podspec`)
  - DoubleConversion (from `../node_modules/react-native/third-party-podspecs/DoubleConversion.podspec`)
  - DVAssetLoaderDelegate
  - FBLazyVector (from `../node_modules/react-native/Libraries/FBLazyVector`)
  - FBReactNativeSpec (from `../node_modules/react-native/React/FBReactNativeSpec`)
  - FirebaseCore
  - Flipper (= 0.182.0)
  - Flipper-Boost-iOSX (= 1.76.0.1.11)
  - Flipper-DoubleConversion (= 3.2.0.1)
  - Flipper-Fmt (= 7.1.7)
  - Flipper-Folly (= 2.6.10)
  - Flipper-Glog (= 0.5.0.5)
  - Flipper-PeerTalk (= 0.0.4)
  - FlipperKit (= 0.182.0)
  - FlipperKit/Core (= 0.182.0)
  - FlipperKit/CppBridge (= 0.182.0)
  - FlipperKit/FBCxxFollyDynamicConvert (= 0.182.0)
  - FlipperKit/FBDefines (= 0.182.0)
  - FlipperKit/FKPortForwarding (= 0.182.0)
  - FlipperKit/FlipperKitHighlightOverlay (= 0.182.0)
  - FlipperKit/FlipperKitLayoutPlugin (= 0.182.0)
  - FlipperKit/FlipperKitLayoutTextSearchable (= 0.182.0)
  - FlipperKit/FlipperKitNetworkPlugin (= 0.182.0)
  - FlipperKit/FlipperKitReactPlugin (= 0.182.0)
  - FlipperKit/FlipperKitUserDefaultsPlugin (= 0.182.0)
  - FlipperKit/SKIOSNetworkPlugin (= 0.182.0)
  - glog (from `../node_modules/react-native/third-party-podspecs/glog.podspec`)
  - GoogleUtilities
  - hermes-engine (from `../node_modules/react-native/sdks/hermes-engine/hermes-engine.podspec`)
  - libevent (~> 2.1.12)
  - OpenSSL-Universal (= 1.1.1100)
  - RCT-Folly (from `../node_modules/react-native/third-party-podspecs/RCT-Folly.podspec`)
  - RCTRequired (from `../node_modules/react-native/Libraries/RCTRequired`)
  - RCTTypeSafety (from `../node_modules/react-native/Libraries/TypeSafety`)
  - React (from `../node_modules/react-native/`)
  - React-callinvoker (from `../node_modules/react-native/ReactCommon/callinvoker`)
  - React-Codegen (from `build/generated/ios`)
  - React-Core (from `../node_modules/react-native/`)
  - React-Core/DevSupport (from `../node_modules/react-native/`)
  - React-Core/RCTWebSocket (from `../node_modules/react-native/`)
  - React-CoreModules (from `../node_modules/react-native/React/CoreModules`)
  - React-cxxreact (from `../node_modules/react-native/ReactCommon/cxxreact`)
  - React-debug (from `../node_modules/react-native/ReactCommon/react/debug`)
  - React-hermes (from `../node_modules/react-native/ReactCommon/hermes`)
  - React-jsi (from `../node_modules/react-native/ReactCommon/jsi`)
  - React-jsiexecutor (from `../node_modules/react-native/ReactCommon/jsiexecutor`)
  - React-jsinspector (from `../node_modules/react-native/ReactCommon/jsinspector`)
  - React-logger (from `../node_modules/react-native/ReactCommon/logger`)
  - react-native-create-thumbnail (from `../node_modules/react-native-create-thumbnail`)
  - react-native-get-random-values (from `../node_modules/react-native-get-random-values`)
  - react-native-image-picker (from `../node_modules/react-native-image-picker`)
  - "react-native-livestream (from `../node_modules/@api.video/react-native-livestream`)"
  - "react-native-netinfo (from `../node_modules/@react-native-community/netinfo`)"
  - react-native-rsa-native (from `../node_modules/react-native-rsa-native`)
  - react-native-safe-area-context (from `../node_modules/react-native-safe-area-context`)
  - react-native-video (from `../node_modules/react-native-video`)
  - react-native-vlc-media-player (from `../node_modules/react-native-vlc-media-player`)
  - React-NativeModulesApple (from `../node_modules/react-native/ReactCommon/react/nativemodule/core/platform/ios`)
  - React-perflogger (from `../node_modules/react-native/ReactCommon/reactperflogger`)
  - React-RCTActionSheet (from `../node_modules/react-native/Libraries/ActionSheetIOS`)
  - React-RCTAnimation (from `../node_modules/react-native/Libraries/NativeAnimation`)
  - React-RCTAppDelegate (from `../node_modules/react-native/Libraries/AppDelegate`)
  - React-RCTBlob (from `../node_modules/react-native/Libraries/Blob`)
  - React-RCTImage (from `../node_modules/react-native/Libraries/Image`)
  - React-RCTLinking (from `../node_modules/react-native/Libraries/LinkingIOS`)
  - React-RCTNetwork (from `../node_modules/react-native/Libraries/Network`)
  - React-RCTSettings (from `../node_modules/react-native/Libraries/Settings`)
  - React-RCTText (from `../node_modules/react-native/Libraries/Text`)
  - React-RCTVibration (from `../node_modules/react-native/Libraries/Vibration`)
  - React-rncore (from `../node_modules/react-native/ReactCommon`)
  - React-runtimeexecutor (from `../node_modules/react-native/ReactCommon/runtimeexecutor`)
  - React-runtimescheduler (from `../node_modules/react-native/ReactCommon/react/renderer/runtimescheduler`)
  - React-utils (from `../node_modules/react-native/ReactCommon/react/utils`)
  - ReactCommon/turbomodule/core (from `../node_modules/react-native/ReactCommon`)
  - "RNCAsyncStorage (from `../node_modules/@react-native-async-storage/async-storage`)"
  - "RNCPushNotificationIOS (from `../node_modules/@react-native-community/push-notification-ios`)"
  - "RNFBApp (from `../node_modules/@react-native-firebase/app`)"
  - "RNFBMessaging (from `../node_modules/@react-native-firebase/messaging`)"
  - RNFS (from `../node_modules/react-native-fs`)
  - RNGestureHandler (from `../node_modules/react-native-gesture-handler`)
  - RNScreens (from `../node_modules/react-native-screens`)
  - RNSVG (from `../node_modules/react-native-svg`)
  - SPTPersistentCache
  - VisionCamera (from `../node_modules/react-native-vision-camera`)
  - Yoga (from `../node_modules/react-native/ReactCommon/yoga`)

SPEC REPOS:
  trunk:
    - ApiVideoLiveStream
    - CocoaAsyncSocket
    - DVAssetLoaderDelegate
    - Firebase
    - FirebaseCore
    - FirebaseCoreExtension
    - FirebaseCoreInternal
    - FirebaseInstallations
    - FirebaseMessaging
    - Flipper
    - Flipper-Boost-iOSX
    - Flipper-DoubleConversion
    - Flipper-Fmt
    - Flipper-Folly
    - Flipper-Glog
    - Flipper-PeerTalk
    - FlipperKit
    - fmt
    - GoogleDataTransport
    - GoogleUtilities
    - HaishinKit
    - libevent
    - Logboard
    - MobileVLCKit
    - nanopb
    - OpenSSL-Universal
    - PromisesObjC
    - PromisesSwift
    - SocketRocket
    - SPTPersistentCache
    - YogaKit

EXTERNAL SOURCES:
  amity-react-native-social-ui-kit:
    :path: "../.."
  boost:
    :podspec: "../node_modules/react-native/third-party-podspecs/boost.podspec"
  DoubleConversion:
    :podspec: "../node_modules/react-native/third-party-podspecs/DoubleConversion.podspec"
  FBLazyVector:
    :path: "../node_modules/react-native/Libraries/FBLazyVector"
  FBReactNativeSpec:
    :path: "../node_modules/react-native/React/FBReactNativeSpec"
  glog:
    :podspec: "../node_modules/react-native/third-party-podspecs/glog.podspec"
  hermes-engine:
    :podspec: "../node_modules/react-native/sdks/hermes-engine/hermes-engine.podspec"
  RCT-Folly:
    :podspec: "../node_modules/react-native/third-party-podspecs/RCT-Folly.podspec"
  RCTRequired:
    :path: "../node_modules/react-native/Libraries/RCTRequired"
  RCTTypeSafety:
    :path: "../node_modules/react-native/Libraries/TypeSafety"
  React:
    :path: "../node_modules/react-native/"
  React-callinvoker:
    :path: "../node_modules/react-native/ReactCommon/callinvoker"
  React-Codegen:
    :path: build/generated/ios
  React-Core:
    :path: "../node_modules/react-native/"
  React-CoreModules:
    :path: "../node_modules/react-native/React/CoreModules"
  React-cxxreact:
    :path: "../node_modules/react-native/ReactCommon/cxxreact"
  React-debug:
    :path: "../node_modules/react-native/ReactCommon/react/debug"
  React-hermes:
    :path: "../node_modules/react-native/ReactCommon/hermes"
  React-jsi:
    :path: "../node_modules/react-native/ReactCommon/jsi"
  React-jsiexecutor:
    :path: "../node_modules/react-native/ReactCommon/jsiexecutor"
  React-jsinspector:
    :path: "../node_modules/react-native/ReactCommon/jsinspector"
  React-logger:
    :path: "../node_modules/react-native/ReactCommon/logger"
  react-native-create-thumbnail:
    :path: "../node_modules/react-native-create-thumbnail"
  react-native-get-random-values:
    :path: "../node_modules/react-native-get-random-values"
  react-native-image-picker:
    :path: "../node_modules/react-native-image-picker"
  react-native-livestream:
    :path: "../node_modules/@api.video/react-native-livestream"
  react-native-netinfo:
    :path: "../node_modules/@react-native-community/netinfo"
  react-native-rsa-native:
    :path: "../node_modules/react-native-rsa-native"
  react-native-safe-area-context:
    :path: "../node_modules/react-native-safe-area-context"
  react-native-video:
    :path: "../node_modules/react-native-video"
  react-native-vlc-media-player:
    :path: "../node_modules/react-native-vlc-media-player"
  React-NativeModulesApple:
    :path: "../node_modules/react-native/ReactCommon/react/nativemodule/core/platform/ios"
  React-perflogger:
    :path: "../node_modules/react-native/ReactCommon/reactperflogger"
  React-RCTActionSheet:
    :path: "../node_modules/react-native/Libraries/ActionSheetIOS"
  React-RCTAnimation:
    :path: "../node_modules/react-native/Libraries/NativeAnimation"
  React-RCTAppDelegate:
    :path: "../node_modules/react-native/Libraries/AppDelegate"
  React-RCTBlob:
    :path: "../node_modules/react-native/Libraries/Blob"
  React-RCTImage:
    :path: "../node_modules/react-native/Libraries/Image"
  React-RCTLinking:
    :path: "../node_modules/react-native/Libraries/LinkingIOS"
  React-RCTNetwork:
    :path: "../node_modules/react-native/Libraries/Network"
  React-RCTSettings:
    :path: "../node_modules/react-native/Libraries/Settings"
  React-RCTText:
    :path: "../node_modules/react-native/Libraries/Text"
  React-RCTVibration:
    :path: "../node_modules/react-native/Libraries/Vibration"
  React-rncore:
    :path: "../node_modules/react-native/ReactCommon"
  React-runtimeexecutor:
    :path: "../node_modules/react-native/ReactCommon/runtimeexecutor"
  React-runtimescheduler:
    :path: "../node_modules/react-native/ReactCommon/react/renderer/runtimescheduler"
  React-utils:
    :path: "../node_modules/react-native/ReactCommon/react/utils"
  ReactCommon:
    :path: "../node_modules/react-native/ReactCommon"
  RNCAsyncStorage:
    :path: "../node_modules/@react-native-async-storage/async-storage"
  RNCPushNotificationIOS:
    :path: "../node_modules/@react-native-community/push-notification-ios"
  RNFBApp:
    :path: "../node_modules/@react-native-firebase/app"
  RNFBMessaging:
    :path: "../node_modules/@react-native-firebase/messaging"
  RNFS:
    :path: "../node_modules/react-native-fs"
  RNGestureHandler:
    :path: "../node_modules/react-native-gesture-handler"
  RNScreens:
    :path: "../node_modules/react-native-screens"
  RNSVG:
    :path: "../node_modules/react-native-svg"
  VisionCamera:
    :path: "../node_modules/react-native-vision-camera"
  Yoga:
    :path: "../node_modules/react-native/ReactCommon/yoga"

SPEC CHECKSUMS:
  amity-react-native-social-ui-kit: 958c2822e381ce1f49bbdd3fff1af8fef49a3ce2
  ApiVideoLiveStream: 8f9dce7f6d15d5e4bb3c7a25e406bf2a36337a5a
  boost: 7dcd2de282d72e344012f7d6564d024930a6a440
  CocoaAsyncSocket: 065fd1e645c7abab64f7a6a2007a48038fdc6a99
  DoubleConversion: 5189b271737e1565bdce30deb4a08d647e3f5f54
  DVAssetLoaderDelegate: 0caec20e4e08b8560b691131539e9180024d4bce
  FBLazyVector: dc178b8748748c036ef9493a5d59d6d1f91a36ce
  FBReactNativeSpec: d0aaae78e93c89dc2d691d8052a4d2aeb1b461ee
  Firebase: 91fefd38712feb9186ea8996af6cbdef41473442
  FirebaseCore: 11dc8a16dfb7c5e3c3f45ba0e191a33ac4f50894
  FirebaseCoreExtension: f63147b723e2a700fe0f34ec6fb7f358d6fe83e0
  FirebaseCoreInternal: 58d07f1362fddeb0feb6a857d1d1d1c5e558e698
  FirebaseInstallations: 60c1d3bc1beef809fd1ad1189a8057a040c59f2e
  FirebaseMessaging: 4d52717dd820707cc4eadec5eb981b4832ec8d5d
  Flipper: 6edb735e6c3e332975d1b17956bcc584eccf5818
  Flipper-Boost-iOSX: fd1e2b8cbef7e662a122412d7ac5f5bea715403c
  Flipper-DoubleConversion: 2dc99b02f658daf147069aad9dbd29d8feb06d30
  Flipper-Fmt: 60cbdd92fc254826e61d669a5d87ef7015396a9b
  Flipper-Folly: 584845625005ff068a6ebf41f857f468decd26b3
  Flipper-Glog: 70c50ce58ddaf67dc35180db05f191692570f446
  Flipper-PeerTalk: 116d8f857dc6ef55c7a5a75ea3ceaafe878aadc9
  FlipperKit: 2efad7007d6745a3f95e4034d547be637f89d3f6
  fmt: ff9d55029c625d3757ed641535fd4a75fedc7ce9
  glog: 04b94705f318337d7ead9e6d17c019bd9b1f6b1b
  GoogleDataTransport: 6c09b596d841063d76d4288cc2d2f42cc36e1e2a
  GoogleUtilities: ea963c370a38a8069cc5f7ba4ca849a60b6d7d15
  HaishinKit: 326e27c4d06427ba53bffc68e516a92033293051
  hermes-engine: 9b9bb14184a11b8ceb4131b09abf634880f0f46d
  libevent: 4049cae6c81cdb3654a443be001fb9bdceff7913
  Logboard: 759d82599c439945d430d5a0958455b5a1974a0c
  MobileVLCKit: 144d5f565512d1147d63b0fa1379231b3fd66535
  nanopb: 438bc412db1928dac798aa6fd75726007be04262
  OpenSSL-Universal: ebc357f1e6bc71fa463ccb2fe676756aff50e88c
  PromisesObjC: f5707f49cb48b9636751c5b2e7d227e43fba9f47
  PromisesSwift: 9d77319bbe72ebf6d872900551f7eeba9bce2851
  RCT-Folly: 8dc08ca5a393b48b1c523ab6220dfdcc0fe000ad
  RCTRequired: f30c3213569b1dc43659ecc549a6536e1e11139e
  RCTTypeSafety: e1ed3137728804fa98bce30b70e3da0b8e23054e
  React: 54070abee263d5773486987f1cf3a3616710ed52
  React-callinvoker: 794ea19cc4d8ce25921893141e131b9d6b7d02eb
  React-Codegen: 4185ac49af51a05866506148578bbc33ed7a5d48
  React-Core: e7bf52760c40cde786ad2b6244c2e37779a05116
  React-CoreModules: 1d1f0fca9091fbd0bbebbbd8db5e7bf1b5ed1336
  React-cxxreact: f52f3a7c8361c005ac4776737b5cf04b94b87852
  React-debug: 4dca41301a67ab2916b2c99bef60344a7b653ac5
  React-hermes: 55ccf2ba061d95710aba21855925d82c8382c51d
  React-jsi: 90d3d603f15e7284f056ee0eebac8174d49a51f2
  React-jsiexecutor: d0e8687f75e16c63c2f5bbe51f58bdbebe9df4b2
  React-jsinspector: 54205b269da20c51417e0fc02c4cde9f29a4bf1a
  React-logger: 81785c91d2fcc517657ff456c106c6d8e9ec4110
  react-native-create-thumbnail: dbee035105fdc88463f435030fe0f0fc1843801c
  react-native-get-random-values: d16467cf726c618e9c7a8c3c39c31faa2244bbba
  react-native-image-picker: f02b573847436881b851f74b7afbf26a0b0107aa
  react-native-livestream: 8a496cc7ff3e296455c41f4bc8cf9f88996c7f48
  react-native-netinfo: ce102083db558237dac20cf64172ef569ebe2dd9
  react-native-rsa-native: a7931cdda1f73a8576a46d7f431378c5550f0c38
  react-native-safe-area-context: df9763c5de6fa38883028e243a0b60123acb8858
  react-native-video: b263bda4a563d9731d73e9e5f11f2890db29eb7f
  react-native-vlc-media-player: da3308dda896d4ff7abfacadb8f981752bf9b425
  React-NativeModulesApple: 6cc32bf0a8dc0a9de48878ccca14788bbe5e4fc6
  React-perflogger: cb433f318c6667060fc1f62e26eb58d6eb30a627
  React-RCTActionSheet: 0af3f8ac067e8a1dde902810b7ad169d0a0ec31e
  React-RCTAnimation: 453a88e76ba6cb49819686acd8b21ce4d9ee4232
  React-RCTAppDelegate: ea1a038363779239c8755c90b4daf64e5501ba29
  React-RCTBlob: 37b58ca9b7495452e074e047896cd56b9f554172
  React-RCTImage: 8e059fbdfab18b86127424dc3742532aab960760
  React-RCTLinking: 05ae2aa525b21a7f1c5069c14330700f470efd97
  React-RCTNetwork: 7ed9d99d028c53e9a23e318f65937f499ba8a6fd
  React-RCTSettings: 8b12ebf04d4baa0e259017fcef6cf7abd7d8ac51
  React-RCTText: a062ade9ff1591c46bcb6c5055fd4f96c154b8aa
  React-RCTVibration: 87c490b6f01746ab8f9b4e555f514cc030c06731
  React-rncore: 140bc11b316da7003bf039844aef39e1c242d7ad
  React-runtimeexecutor: 226ebef5f625878d3028b196cbecbbdeb6f208e4
  React-runtimescheduler: 7d1ccbf849f7555bd2a7722f7cfad0d1930a7e2a
  React-utils: 91c44ba497ce661c8b132eba747a93936ea557b3
  ReactCommon: 9b8ce41770a295df8c3d2cbefa82896e4caeffbb
  RNCAsyncStorage: aa75595c1aefa18f868452091fa0c411a516ce11
  RNCPushNotificationIOS: 6c4ca3388c7434e4a662b92e4dfeeee858e6f440
  RNFBApp: 4097f75673f8b42a7cd1ba17e6ea85a94b45e4d1
  RNFBMessaging: 92325b0d5619ac90ef023a23cfd16fd3b91d0a88
  RNFS: 89de7d7f4c0f6bafa05343c578f61118c8282ed8
  RNGestureHandler: 64a1c26bedd667c61b00827bf00aabdce3ed95ab
  RNScreens: 67dd26e0c1e6df63f4ccaaf281c1ecdd88c995c3
  RNSVG: 043f603fc70d48d289bc3f2ceedbb05ce2636f5c
  SocketRocket: f32cd54efbe0f095c4d7594881e52619cfe80b17
  SPTPersistentCache: df36ea46762d7cf026502bbb86a8b79d0080dff4
  VisionCamera: 6a90992822a293947af96e77618933405a417871
  Yoga: eddf2bbe4a896454c248a8f23b4355891eb720a6
  YogaKit: f782866e155069a2cca2517aafea43200b01fd5a

PODFILE CHECKSUM: 4e971a0072a3c891d69e19bbda67877f709879a9

COCOAPODS: 1.16.2
